// !$*UTF8*$!
{
	archiveVersion = 1;
	classes = {
	};
	objectVersion = 55;
	objects = {

/* Begin PBXBuildFile section */
		870736A227E40E940062E545 /* AppDelegate.swift in Sources */ = {isa = PBXBuildFile; fileRef = 870736A127E40E940062E545 /* AppDelegate.swift */; };
		870736A427E40E940062E545 /* SceneDelegate.swift in Sources */ = {isa = PBXBuildFile; fileRef = 870736A327E40E940062E545 /* SceneDelegate.swift */; };
		870736A627E40E940062E545 /* ViewController.swift in Sources */ = {isa = PBXBuildFile; fileRef = 870736A527E40E940062E545 /* ViewController.swift */; };
		870736A927E40E940062E545 /* Main.storyboard in Resources */ = {isa = PBXBuildFile; fileRef = 870736A727E40E940062E545 /* Main.storyboard */; };
		870736AB27E40E960062E545 /* Assets.xcassets in Resources */ = {isa = PBXBuildFile; fileRef = 870736AA27E40E960062E545 /* Assets.xcassets */; };
		870736AE27E40E960062E545 /* LaunchScreen.storyboard in Resources */ = {isa = PBXBuildFile; fileRef = 870736AC27E40E960062E545 /* LaunchScreen.storyboard */; };
		870736B627E411A70062E545 /* QuoteService.swift in Sources */ = {isa = PBXBuildFile; fileRef = 870736B527E411A70062E545 /* QuoteService.swift */; };
		870736BA27E414140062E545 /* QuoteModel.swift in Sources */ = {isa = PBXBuildFile; fileRef = 870736B927E414140062E545 /* QuoteModel.swift */; };
		870736BD27E4146E0062E545 /* QuotePresenter.swift in Sources */ = {isa = PBXBuildFile; fileRef = 870736BC27E4146E0062E545 /* QuotePresenter.swift */; };
		870736C027E429B00062E545 /* APIClient.swift in Sources */ = {isa = PBXBuildFile; fileRef = 870736BF27E429B00062E545 /* APIClient.swift */; };
		870736C227E42E4C0062E545 /* URLRequest+Resource.swift in Sources */ = {isa = PBXBuildFile; fileRef = 870736C127E42E4C0062E545 /* URLRequest+Resource.swift */; };
		870736C427E4403D0062E545 /* constants.swift in Sources */ = {isa = PBXBuildFile; fileRef = 870736C327E4403D0062E545 /* constants.swift */; };
/* End PBXBuildFile section */

/* Begin PBXFileReference section */
		8707369E27E40E940062E545 /* Demo.app */ = {isa = PBXFileReference; explicitFileType = wrapper.application; includeInIndex = 0; path = Demo.app; sourceTree = BUILT_PRODUCTS_DIR; };
		870736A127E40E940062E545 /* AppDelegate.swift */ = {isa = PBXFileReference; lastKnownFileType = sourcecode.swift; path = AppDelegate.swift; sourceTree = "<group>"; };
		870736A327E40E940062E545 /* SceneDelegate.swift */ = {isa = PBXFileReference; lastKnownFileType = sourcecode.swift; path = SceneDelegate.swift; sourceTree = "<group>"; };
		870736A527E40E940062E545 /* ViewController.swift */ = {isa = PBXFileReference; lastKnownFileType = sourcecode.swift; path = ViewController.swift; sourceTree = "<group>"; };
		870736A827E40E940062E545 /* Base */ = {isa = PBXFileReference; lastKnownFileType = file.storyboard; name = Base; path = Base.lproj/Main.storyboard; sourceTree = "<group>"; };
		870736AA27E40E960062E545 /* Assets.xcassets */ = {isa = PBXFileReference; lastKnownFileType = folder.assetcatalog; path = Assets.xcassets; sourceTree = "<group>"; };
		870736AD27E40E960062E545 /* Base */ = {isa = PBXFileReference; lastKnownFileType = file.storyboard; name = Base; path = Base.lproj/LaunchScreen.storyboard; sourceTree = "<group>"; };
		870736AF27E40E960062E545 /* Info.plist */ = {isa = PBXFileReference; lastKnownFileType = text.plist.xml; path = Info.plist; sourceTree = "<group>"; };
		870736B527E411A70062E545 /* QuoteService.swift */ = {isa = PBXFileReference; lastKnownFileType = sourcecode.swift; path = QuoteService.swift; sourceTree = "<group>"; };
		870736B927E414140062E545 /* QuoteModel.swift */ = {isa = PBXFileReference; lastKnownFileType = sourcecode.swift; path = QuoteModel.swift; sourceTree = "<group>"; };
		870736BC27E4146E0062E545 /* QuotePresenter.swift */ = {isa = PBXFileReference; lastKnownFileType = sourcecode.swift; path = QuotePresenter.swift; sourceTree = "<group>"; };
		870736BF27E429B00062E545 /* APIClient.swift */ = {isa = PBXFileReference; lastKnownFileType = sourcecode.swift; path = APIClient.swift; sourceTree = "<group>"; };
		870736C127E42E4C0062E545 /* URLRequest+Resource.swift */ = {isa = PBXFileReference; lastKnownFileType = sourcecode.swift; path = "URLRequest+Resource.swift"; sourceTree = "<group>"; };
		870736C327E4403D0062E545 /* constants.swift */ = {isa = PBXFileReference; lastKnownFileType = sourcecode.swift; path = constants.swift; sourceTree = "<group>"; };
/* End PBXFileReference section */

/* Begin PBXFrameworksBuildPhase section */
		8707369B27E40E930062E545 /* Frameworks */ = {
			isa = PBXFrameworksBuildPhase;
			buildActionMask = 2147483647;
			files = (
			);
			runOnlyForDeploymentPostprocessing = 0;
		};
/* End PBXFrameworksBuildPhase section */

/* Begin PBXGroup section */
		8707369527E40E930062E545 = {
			isa = PBXGroup;
			children = (
				870736A027E40E940062E545 /* Demo */,
				8707369F27E40E940062E545 /* Products */,
			);
			sourceTree = "<group>";
		};
		8707369F27E40E940062E545 /* Products */ = {
			isa = PBXGroup;
			children = (
				8707369E27E40E940062E545 /* Demo.app */,
			);
			name = Products;
			sourceTree = "<group>";
		};
		870736A027E40E940062E545 /* Demo */ = {
			isa = PBXGroup;
			children = (
				870736A127E40E940062E545 /* AppDelegate.swift */,
				870736A327E40E940062E545 /* SceneDelegate.swift */,
				870736A527E40E940062E545 /* ViewController.swift */,
				870736A727E40E940062E545 /* Main.storyboard */,
				870736AA27E40E960062E545 /* Assets.xcassets */,
				870736AC27E40E960062E545 /* LaunchScreen.storyboard */,
				870736AF27E40E960062E545 /* Info.plist */,
				870736BB27E414550062E545 /* Presenters */,
				870736B727E411C50062E545 /* Models */,
				870736B827E412740062E545 /* Services */,
				870736C127E42E4C0062E545 /* URLRequest+Resource.swift */,
				870736C327E4403D0062E545 /* constants.swift */,
			);
			path = Demo;
			sourceTree = "<group>";
		};
		870736B727E411C50062E545 /* Models */ = {
			isa = PBXGroup;
			children = (
				870736B927E414140062E545 /* QuoteModel.swift */,
			);
			path = Models;
			sourceTree = "<group>";
		};
		870736B827E412740062E545 /* Services */ = {
			isa = PBXGroup;
			children = (
				870736BE27E429A00062E545 /* API */,
				870736B527E411A70062E545 /* QuoteService.swift */,
			);
			path = Services;
			sourceTree = "<group>";
		};
		870736BB27E414550062E545 /* Presenters */ = {
			isa = PBXGroup;
			children = (
				870736BC27E4146E0062E545 /* QuotePresenter.swift */,
			);
			path = Presenters;
			sourceTree = "<group>";
		};
		870736BE27E429A00062E545 /* API */ = {
			isa = PBXGroup;
			children = (
				870736BF27E429B00062E545 /* APIClient.swift */,
			);
			path = API;
			sourceTree = "<group>";
		};
/* End PBXGroup section */

/* Begin PBXNativeTarget section */
		8707369D27E40E930062E545 /* Demo */ = {
			isa = PBXNativeTarget;
			buildConfigurationList = 870736B227E40E960062E545 /* Build configuration list for PBXNativeTarget "Demo" */;
			buildPhases = (
				8707369A27E40E930062E545 /* Sources */,
				8707369B27E40E930062E545 /* Frameworks */,
				8707369C27E40E930062E545 /* Resources */,
			);
			buildRules = (
			);
			dependencies = (
			);
			name = Demo;
			productName = Demo;
			productReference = 8707369E27E40E940062E545 /* Demo.app */;
			productType = "com.apple.product-type.application";
		};
/* End PBXNativeTarget section */

/* Begin PBXProject section */
		8707369627E40E930062E545 /* Project object */ = {
			isa = PBXProject;
			attributes = {
				BuildIndependentTargetsInParallel = 1;
				LastSwiftUpdateCheck = 1330;
				LastUpgradeCheck = 1330;
				TargetAttributes = {
					8707369D27E40E930062E545 = {
						CreatedOnToolsVersion = 13.3;
					};
				};
			};
			buildConfigurationList = 8707369927E40E930062E545 /* Build configuration list for PBXProject "Demo" */;
			compatibilityVersion = "Xcode 13.0";
			developmentRegion = en;
			hasScannedForEncodings = 0;
			knownRegions = (
				en,
				Base,
			);
			mainGroup = 8707369527E40E930062E545;
			productRefGroup = 8707369F27E40E940062E545 /* Products */;
			projectDirPath = "";
			projectRoot = "";
			targets = (
				8707369D27E40E930062E545 /* Demo */,
			);
		};
/* End PBXProject section */

/* Begin PBXResourcesBuildPhase section */
		8707369C27E40E930062E545 /* Resources */ = {
			isa = PBXResourcesBuildPhase;
			buildActionMask = 2147483647;
			files = (
				870736AE27E40E960062E545 /* LaunchScreen.storyboard in Resources */,
				870736AB27E40E960062E545 /* Assets.xcassets in Resources */,
				870736A927E40E940062E545 /* Main.storyboard in Resources */,
			);
			runOnlyForDeploymentPostprocessing = 0;
		};
/* End PBXResourcesBuildPhase section */

/* Begin PBXSourcesBuildPhase section */
		8707369A27E40E930062E545 /* Sources */ = {
			isa = PBXSourcesBuildPhase;
			buildActionMask = 2147483647;
			files = (
				870736BA27E414140062E545 /* QuoteModel.swift in Sources */,
				870736C027E429B00062E545 /* APIClient.swift in Sources */,
				870736C427E4403D0062E545 /* constants.swift in Sources */,
				870736BD27E4146E0062E545 /* QuotePresenter.swift in Sources */,
				870736C227E42E4C0062E545 /* URLRequest+Resource.swift in Sources */,
				870736B627E411A70062E545 /* QuoteService.swift in Sources */,
				870736A627E40E940062E545 /* ViewController.swift in Sources */,
				870736A227E40E940062E545 /* AppDelegate.swift in Sources */,
				870736A427E40E940062E545 /* SceneDelegate.swift in Sources */,
			);
			runOnlyForDeploymentPostprocessing = 0;
		};
/* End PBXSourcesBuildPhase section */

/* Begin PBXVariantGroup section */
		870736A727E40E940062E545 /* Main.storyboard */ = {
			isa = PBXVariantGroup;
			children = (
				870736A827E40E940062E545 /* Base */,
			);
			name = Main.storyboard;
			sourceTree = "<group>";
		};
		870736AC27E40E960062E545 /* LaunchScreen.storyboard */ = {
			isa = PBXVariantGroup;
			children = (
				870736AD27E40E960062E545 /* Base */,
			);
			name = LaunchScreen.storyboard;
			sourceTree = "<group>";
		};
/* End PBXVariantGroup section */

/* Begin XCBuildConfiguration section */
		870736B027E40E960062E545 /* Debug */ = {
			isa = XCBuildConfiguration;
			buildSettings = {
				ALWAYS_SEARCH_USER_PATHS = NO;
				CLANG_ANALYZER_NONNULL = YES;
				CLANG_ANALYZER_NUMBER_OBJECT_CONVERSION = YES_AGGRESSIVE;
				CLANG_CXX_LANGUAGE_STANDARD = "gnu++17";
				CLANG_ENABLE_MODULES = YES;
				CLANG_ENABLE_OBJC_ARC = YES;
				CLANG_ENABLE_OBJC_WEAK = YES;
				CLANG_WARN_BLOCK_CAPTURE_AUTORELEASING = YES;
				CLANG_WARN_BOOL_CONVERSION = YES;
				CLANG_WARN_COMMA = YES;
				CLANG_WARN_CONSTANT_CONVERSION = YES;
				CLANG_WARN_DEPRECATED_OBJC_IMPLEMENTATIONS = YES;
				CLANG_WARN_DIRECT_OBJC_ISA_USAGE = YES_ERROR;
				CLANG_WARN_DOCUMENTATION_COMMENTS = YES;
				CLANG_WARN_EMPTY_BODY = YES;
				CLANG_WARN_ENUM_CONVERSION = YES;
				CLANG_WARN_INFINITE_RECURSION = YES;
				CLANG_WARN_INT_CONVERSION = YES;
				CLANG_WARN_NON_LITERAL_NULL_CONVERSION = YES;
				CLANG_WARN_OBJC_IMPLICIT_RETAIN_SELF = YES;
				CLANG_WARN_OBJC_LITERAL_CONVERSION = YES;
				CLANG_WARN_OBJC_ROOT_CLASS = YES_ERROR;
				CLANG_WARN_QUOTED_INCLUDE_IN_FRAMEWORK_HEADER = YES;
				CLANG_WARN_RANGE_LOOP_ANALYSIS = YES;
				CLANG_WARN_STRICT_PROTOTYPES = YES;
				CLANG_WARN_SUSPICIOUS_MOVE = YES;
				CLANG_WARN_UNGUARDED_AVAILABILITY = YES_AGGRESSIVE;
				CLANG_WARN_UNREACHABLE_CODE = YES;
				CLANG_WARN__DUPLICATE_METHOD_MATCH = YES;
				COPY_PHASE_STRIP = NO;
				DEBUG_INFORMATION_FORMAT = dwarf;
				ENABLE_STRICT_OBJC_MSGSEND = YES;
				ENABLE_TESTABILITY = YES;
				GCC_C_LANGUAGE_STANDARD = gnu11;
				GCC_DYNAMIC_NO_PIC = NO;
				GCC_NO_COMMON_BLOCKS = YES;
				GCC_OPTIMIZATION_LEVEL = 0;
				GCC_PREPROCESSOR_DEFINITIONS = (
					"DEBUG=1",
					"$(inherited)",
				);
				GCC_WARN_64_TO_32_BIT_CONVERSION = YES;
				GCC_WARN_ABOUT_RETURN_TYPE = YES_ERROR;
				GCC_WARN_UNDECLARED_SELECTOR = YES;
				GCC_WARN_UNINITIALIZED_AUTOS = YES_AGGRESSIVE;
				GCC_WARN_UNUSED_FUNCTION = YES;
				GCC_WARN_UNUSED_VARIABLE = YES;
				IPHONEOS_DEPLOYMENT_TARGET = 15.4;
				MTL_ENABLE_DEBUG_INFO = INCLUDE_SOURCE;
				MTL_FAST_MATH = YES;
				ONLY_ACTIVE_ARCH = YES;
				SDKROOT = iphoneos;
				SWIFT_ACTIVE_COMPILATION_CONDITIONS = DEBUG;
				SWIFT_OPTIMIZATION_LEVEL = "-Onone";
			};
			name = Debug;
		};
		870736B127E40E960062E545 /* Release */ = {
			isa = XCBuildConfiguration;
			buildSettings = {
				ALWAYS_SEARCH_USER_PATHS = NO;
				CLANG_ANALYZER_NONNULL = YES;
				CLANG_ANALYZER_NUMBER_OBJECT_CONVERSION = YES_AGGRESSIVE;
				CLANG_CXX_LANGUAGE_STANDARD = "gnu++17";
				CLANG_ENABLE_MODULES = YES;
				CLANG_ENABLE_OBJC_ARC = YES;
				CLANG_ENABLE_OBJC_WEAK = YES;
				CLANG_WARN_BLOCK_CAPTURE_AUTORELEASING = YES;
				CLANG_WARN_BOOL_CONVERSION = YES;
				CLANG_WARN_COMMA = YES;
				CLANG_WARN_CONSTANT_CONVERSION = YES;
				CLANG_WARN_DEPRECATED_OBJC_IMPLEMENTATIONS = YES;
				CLANG_WARN_DIRECT_OBJC_ISA_USAGE = YES_ERROR;
				CLANG_WARN_DOCUMENTATION_COMMENTS = YES;
				CLANG_WARN_EMPTY_BODY = YES;
				CLANG_WARN_ENUM_CONVERSION = YES;
				CLANG_WARN_INFINITE_RECURSION = YES;
				CLANG_WARN_INT_CONVERSION = YES;
				CLANG_WARN_NON_LITERAL_NULL_CONVERSION = YES;
				CLANG_WARN_OBJC_IMPLICIT_RETAIN_SELF = YES;
				CLANG_WARN_OBJC_LITERAL_CONVERSION = YES;
				CLANG_WARN_OBJC_ROOT_CLASS = YES_ERROR;
				CLANG_WARN_QUOTED_INCLUDE_IN_FRAMEWORK_HEADER = YES;
				CLANG_WARN_RANGE_LOOP_ANALYSIS = YES;
				CLANG_WARN_STRICT_PROTOTYPES = YES;
				CLANG_WARN_SUSPICIOUS_MOVE = YES;
				CLANG_WARN_UNGUARDED_AVAILABILITY = YES_AGGRESSIVE;
				CLANG_WARN_UNREACHABLE_CODE = YES;
				CLANG_WARN__DUPLICATE_METHOD_MATCH = YES;
				COPY_PHASE_STRIP = NO;
				DEBUG_INFORMATION_FORMAT = "dwarf-with-dsym";
				ENABLE_NS_ASSERTIONS = NO;
				ENABLE_STRICT_OBJC_MSGSEND = YES;
				GCC_C_LANGUAGE_STANDARD = gnu11;
				GCC_NO_COMMON_BLOCKS = YES;
				GCC_WARN_64_TO_32_BIT_CONVERSION = YES;
				GCC_WARN_ABOUT_RETURN_TYPE = YES_ERROR;
				GCC_WARN_UNDECLARED_SELECTOR = YES;
				GCC_WARN_UNINITIALIZED_AUTOS = YES_AGGRESSIVE;
				GCC_WARN_UNUSED_FUNCTION = YES;
				GCC_WARN_UNUSED_VARIABLE = YES;
				IPHONEOS_DEPLOYMENT_TARGET = 15.4;
				MTL_ENABLE_DEBUG_INFO = NO;
				MTL_FAST_MATH = YES;
				SDKROOT = iphoneos;
				SWIFT_COMPILATION_MODE = wholemodule;
				SWIFT_OPTIMIZATION_LEVEL = "-O";
				VALIDATE_PRODUCT = YES;
			};
			name = Release;
		};
		870736B327E40E960062E545 /* Debug */ = {
			isa = XCBuildConfiguration;
			buildSettings = {
				ASSETCATALOG_COMPILER_APPICON_NAME = AppIcon;
				ASSETCATALOG_COMPILER_GLOBAL_ACCENT_COLOR_NAME = AccentColor;
				CODE_SIGN_STYLE = Automatic;
				CURRENT_PROJECT_VERSION = 1;
				DEVELOPMENT_TEAM = FW5Z9GGJ86;
				GENERATE_INFOPLIST_FILE = YES;
				INFOPLIST_FILE = Demo/Info.plist;
				INFOPLIST_KEY_UIApplicationSupportsIndirectInputEvents = YES;
				INFOPLIST_KEY_UILaunchStoryboardName = LaunchScreen;
				INFOPLIST_KEY_UIMainStoryboardFile = Main;
				INFOPLIST_KEY_UISupportedInterfaceOrientations = "UIInterfaceOrientationPortrait UIInterfaceOrientationPortraitUpsideDown";
				INFOPLIST_KEY_UISupportedInterfaceOrientations_iPad = "UIInterfaceOrientationPortrait UIInterfaceOrientationPortraitUpsideDown UIInterfaceOrientationLandscapeLeft UIInterfaceOrientationLandscapeRight";
				INFOPLIST_KEY_UISupportedInterfaceOrientations_iPhone = "UIInterfaceOrientationPortrait UIInterfaceOrientationLandscapeLeft UIInterfaceOrientationLandscapeRight";
				LD_RUNPATH_SEARCH_PATHS = (
					"$(inherited)",
					"@executable_path/Frameworks",
				);
				MARKETING_VERSION = 1.0;
				PRODUCT_BUNDLE_IDENTIFIER = net.krakensoft.mvp.Demo;
				PRODUCT_NAME = "$(TARGET_NAME)";
				SWIFT_EMIT_LOC_STRINGS = YES;
				SWIFT_VERSION = 5.0;
				TARGETED_DEVICE_FAMILY = "1,2";
			};
			name = Debug;
		};
		870736B427E40E960062E545 /* Release */ = {
			isa = XCBuildConfiguration;
			buildSettings = {
				ASSETCATALOG_COMPILER_APPICON_NAME = AppIcon;
				ASSETCATALOG_COMPILER_GLOBAL_ACCENT_COLOR_NAME = AccentColor;
				CODE_SIGN_STYLE = Automatic;
				CURRENT_PROJECT_VERSION = 1;
				DEVELOPMENT_TEAM = FW5Z9GGJ86;
				GENERATE_INFOPLIST_FILE = YES;
				INFOPLIST_FILE = Demo/Info.plist;
				INFOPLIST_KEY_UIApplicationSupportsIndirectInputEvents = YES;
				INFOPLIST_KEY_UILaunchStoryboardName = LaunchScreen;
				INFOPLIST_KEY_UIMainStoryboardFile = Main;
				INFOPLIST_KEY_UISupportedInterfaceOrientations = "UIInterfaceOrientationPortrait UIInterfaceOrientationPortraitUpsideDown";
				INFOPLIST_KEY_UISupportedInterfaceOrientations_iPad = "UIInterfaceOrientationPortrait UIInterfaceOrientationPortraitUpsideDown UIInterfaceOrientationLandscapeLeft UIInterfaceOrientationLandscapeRight";
				INFOPLIST_KEY_UISupportedInterfaceOrientations_iPhone = "UIInterfaceOrientationPortrait UIInterfaceOrientationLandscapeLeft UIInterfaceOrientationLandscapeRight";
				LD_RUNPATH_SEARCH_PATHS = (
					"$(inherited)",
					"@executable_path/Frameworks",
				);
				MARKETING_VERSION = 1.0;
				PRODUCT_BUNDLE_IDENTIFIER = net.krakensoft.mvp.Demo;
				PRODUCT_NAME = "$(TARGET_NAME)";
				SWIFT_EMIT_LOC_STRINGS = YES;
				SWIFT_VERSION = 5.0;
				TARGETED_DEVICE_FAMILY = "1,2";
			};
			name = Release;
		};
/* End XCBuildConfiguration section */

/* Begin XCConfigurationList section */
		8707369927E40E930062E545 /* Build configuration list for PBXProject "Demo" */ = {
			isa = XCConfigurationList;
			buildConfigurations = (
				870736B027E40E960062E545 /* Debug */,
				870736B127E40E960062E545 /* Release */,
			);
			defaultConfigurationIsVisible = 0;
			defaultConfigurationName = Release;
		};
		870736B227E40E960062E545 /* Build configuration list for PBXNativeTarget "Demo" */ = {
			isa = XCConfigurationList;
			buildConfigurations = (
				870736B327E40E960062E545 /* Debug */,
				870736B427E40E960062E545 /* Release */,
			);
			defaultConfigurationIsVisible = 0;
			defaultConfigurationName = Release;
		};
/* End XCConfigurationList section */
	};
	rootObject = 8707369627E40E930062E545 /* Project object */;
}
